// !$*UTF8*$!
{
	archiveVersion = 1;
	classes = {
	};
	objectVersion = 48;
	objects = {

/* Begin PBXBuildFile section */
		14457B4F792FCB28D1EA1C1E /* Pods_InjectionExampleUITests.framework in Frameworks */ = {isa = PBXBuildFile; fileRef = FFAEA2DBD11A20487D115BC5 /* Pods_InjectionExampleUITests.framework */; };
		21082508211BD5390078A215 /* MYVC.swift in Sources */ = {isa = PBXBuildFile; fileRef = 21082505211BD5380078A215 /* MYVC.swift */; };
		21082509211BD5390078A215 /* 2.jpg in Resources */ = {isa = PBXBuildFile; fileRef = 21082506211BD5380078A215 /* 2.jpg */; };
		2108250A211BD5390078A215 /* MYView.swift in Sources */ = {isa = PBXBuildFile; fileRef = 21082507211BD5380078A215 /* MYView.swift */; };
		2108250C211BD84A0078A215 /* main.m in Sources */ = {isa = PBXBuildFile; fileRef = 2108250B211BD84A0078A215 /* main.m */; };
		2196EF67211B410000629223 /* AppDelegate.swift in Sources */ = {isa = PBXBuildFile; fileRef = 2196EF66211B410000629223 /* AppDelegate.swift */; };
		2196EF6E211B410000629223 /* Assets.xcassets in Resources */ = {isa = PBXBuildFile; fileRef = 2196EF6D211B410000629223 /* Assets.xcassets */; };
		2196EF71211B410000629223 /* LaunchScreen.storyboard in Resources */ = {isa = PBXBuildFile; fileRef = 2196EF6F211B410000629223 /* LaunchScreen.storyboard */; };
		2196EF7C211B410000629223 /* InjectionExampleTests.swift in Sources */ = {isa = PBXBuildFile; fileRef = 2196EF7B211B410000629223 /* InjectionExampleTests.swift */; };
		2196EF87211B410000629223 /* InjectionExampleUITests.swift in Sources */ = {isa = PBXBuildFile; fileRef = 2196EF86211B410000629223 /* InjectionExampleUITests.swift */; };
		2196EF95211B425300629223 /* Injection+Extension.swift in Sources */ = {isa = PBXBuildFile; fileRef = 2196EF94211B425300629223 /* Injection+Extension.swift */; };
		82321C42E4ECE5BE96CCF423 /* Pods_InjectionExample.framework in Frameworks */ = {isa = PBXBuildFile; fileRef = 5A3256F3D1094D9237CF5640 /* Pods_InjectionExample.framework */; };
		C176256C9B3BE17C5ACB4446 /* Pods_InjectionExampleTests.framework in Frameworks */ = {isa = PBXBuildFile; fileRef = 70548B60FDEAC49D01DCE6E8 /* Pods_InjectionExampleTests.framework */; };
/* End PBXBuildFile section */

/* Begin PBXContainerItemProxy section */
		2196EF78211B410000629223 /* PBXContainerItemProxy */ = {
			isa = PBXContainerItemProxy;
			containerPortal = 2196EF5B211B410000629223 /* Project object */;
			proxyType = 1;
			remoteGlobalIDString = 2196EF62211B410000629223;
			remoteInfo = InjectionExample;
		};
		2196EF83211B410000629223 /* PBXContainerItemProxy */ = {
			isa = PBXContainerItemProxy;
			containerPortal = 2196EF5B211B410000629223 /* Project object */;
			proxyType = 1;
			remoteGlobalIDString = 2196EF62211B410000629223;
			remoteInfo = InjectionExample;
		};
/* End PBXContainerItemProxy section */

/* Begin PBXFileReference section */
		0C78DB09D1FE6D07AAB81F79 /* Pods-InjectionExampleUITests.release.xcconfig */ = {isa = PBXFileReference; includeInIndex = 1; lastKnownFileType = text.xcconfig; name = "Pods-InjectionExampleUITests.release.xcconfig"; path = "Pods/Target Support Files/Pods-InjectionExampleUITests/Pods-InjectionExampleUITests.release.xcconfig"; sourceTree = "<group>"; };
		1BFF003EB2EB4B8BBCAFC1F7 /* Pods-InjectionExampleTests.release.xcconfig */ = {isa = PBXFileReference; includeInIndex = 1; lastKnownFileType = text.xcconfig; name = "Pods-InjectionExampleTests.release.xcconfig"; path = "Pods/Target Support Files/Pods-InjectionExampleTests/Pods-InjectionExampleTests.release.xcconfig"; sourceTree = "<group>"; };
		21082505211BD5380078A215 /* MYVC.swift */ = {isa = PBXFileReference; fileEncoding = 4; lastKnownFileType = sourcecode.swift; path = MYVC.swift; sourceTree = "<group>"; };
		21082506211BD5380078A215 /* 2.jpg */ = {isa = PBXFileReference; lastKnownFileType = image.jpeg; path = 2.jpg; sourceTree = "<group>"; };
		21082507211BD5380078A215 /* MYView.swift */ = {isa = PBXFileReference; fileEncoding = 4; lastKnownFileType = sourcecode.swift; path = MYView.swift; sourceTree = "<group>"; };
		2108250B211BD84A0078A215 /* main.m */ = {isa = PBXFileReference; lastKnownFileType = sourcecode.c.objc; path = main.m; sourceTree = "<group>"; };
		21082511211BE51F0078A215 /* InjectionExample-Bridging-Header.h */ = {isa = PBXFileReference; fileEncoding = 4; lastKnownFileType = sourcecode.c.h; path = "InjectionExample-Bridging-Header.h"; sourceTree = "<group>"; };
		2196EF63211B410000629223 /* InjectionExample.app */ = {isa = PBXFileReference; explicitFileType = wrapper.application; includeInIndex = 0; path = InjectionExample.app; sourceTree = BUILT_PRODUCTS_DIR; };
		2196EF66211B410000629223 /* AppDelegate.swift */ = {isa = PBXFileReference; lastKnownFileType = sourcecode.swift; path = AppDelegate.swift; sourceTree = "<group>"; };
		2196EF6D211B410000629223 /* Assets.xcassets */ = {isa = PBXFileReference; lastKnownFileType = folder.assetcatalog; path = Assets.xcassets; sourceTree = "<group>"; };
		2196EF70211B410000629223 /* Base */ = {isa = PBXFileReference; lastKnownFileType = file.storyboard; name = Base; path = Base.lproj/LaunchScreen.storyboard; sourceTree = "<group>"; };
		2196EF72211B410000629223 /* Info.plist */ = {isa = PBXFileReference; lastKnownFileType = text.plist.xml; path = Info.plist; sourceTree = "<group>"; };
		2196EF77211B410000629223 /* InjectionExampleTests.xctest */ = {isa = PBXFileReference; explicitFileType = wrapper.cfbundle; includeInIndex = 0; path = InjectionExampleTests.xctest; sourceTree = BUILT_PRODUCTS_DIR; };
		2196EF7B211B410000629223 /* InjectionExampleTests.swift */ = {isa = PBXFileReference; lastKnownFileType = sourcecode.swift; path = InjectionExampleTests.swift; sourceTree = "<group>"; };
		2196EF7D211B410000629223 /* Info.plist */ = {isa = PBXFileReference; lastKnownFileType = text.plist.xml; path = Info.plist; sourceTree = "<group>"; };
		2196EF82211B410000629223 /* InjectionExampleUITests.xctest */ = {isa = PBXFileReference; explicitFileType = wrapper.cfbundle; includeInIndex = 0; path = InjectionExampleUITests.xctest; sourceTree = BUILT_PRODUCTS_DIR; };
		2196EF86211B410000629223 /* InjectionExampleUITests.swift */ = {isa = PBXFileReference; lastKnownFileType = sourcecode.swift; path = InjectionExampleUITests.swift; sourceTree = "<group>"; };
		2196EF88211B410000629223 /* Info.plist */ = {isa = PBXFileReference; lastKnownFileType = text.plist.xml; path = Info.plist; sourceTree = "<group>"; };
		2196EF94211B425300629223 /* Injection+Extension.swift */ = {isa = PBXFileReference; lastKnownFileType = sourcecode.swift; path = "Injection+Extension.swift"; sourceTree = "<group>"; };
		2B6A4477E0A18A97F611D841 /* Pods-InjectionExampleUITests.debug.xcconfig */ = {isa = PBXFileReference; includeInIndex = 1; lastKnownFileType = text.xcconfig; name = "Pods-InjectionExampleUITests.debug.xcconfig"; path = "Pods/Target Support Files/Pods-InjectionExampleUITests/Pods-InjectionExampleUITests.debug.xcconfig"; sourceTree = "<group>"; };
		5A3256F3D1094D9237CF5640 /* Pods_InjectionExample.framework */ = {isa = PBXFileReference; explicitFileType = wrapper.framework; includeInIndex = 0; path = Pods_InjectionExample.framework; sourceTree = BUILT_PRODUCTS_DIR; };
		70548B60FDEAC49D01DCE6E8 /* Pods_InjectionExampleTests.framework */ = {isa = PBXFileReference; explicitFileType = wrapper.framework; includeInIndex = 0; path = Pods_InjectionExampleTests.framework; sourceTree = BUILT_PRODUCTS_DIR; };
		A4455C094D6B26C5D3CCC4F2 /* Pods-InjectionExample.release.xcconfig */ = {isa = PBXFileReference; includeInIndex = 1; lastKnownFileType = text.xcconfig; name = "Pods-InjectionExample.release.xcconfig"; path = "Pods/Target Support Files/Pods-InjectionExample/Pods-InjectionExample.release.xcconfig"; sourceTree = "<group>"; };
		C397E6AE58468B4D63EBAB05 /* Pods-InjectionExampleTests.debug.xcconfig */ = {isa = PBXFileReference; includeInIndex = 1; lastKnownFileType = text.xcconfig; name = "Pods-InjectionExampleTests.debug.xcconfig"; path = "Pods/Target Support Files/Pods-InjectionExampleTests/Pods-InjectionExampleTests.debug.xcconfig"; sourceTree = "<group>"; };
		D086C8DFAC706DEF6100CB0A /* Pods-InjectionExample.debug.xcconfig */ = {isa = PBXFileReference; includeInIndex = 1; lastKnownFileType = text.xcconfig; name = "Pods-InjectionExample.debug.xcconfig"; path = "Pods/Target Support Files/Pods-InjectionExample/Pods-InjectionExample.debug.xcconfig"; sourceTree = "<group>"; };
		FFAEA2DBD11A20487D115BC5 /* Pods_InjectionExampleUITests.framework */ = {isa = PBXFileReference; explicitFileType = wrapper.framework; includeInIndex = 0; path = Pods_InjectionExampleUITests.framework; sourceTree = BUILT_PRODUCTS_DIR; };
/* End PBXFileReference section */

/* Begin PBXFrameworksBuildPhase section */
		2196EF60211B410000629223 /* Frameworks */ = {
			isa = PBXFrameworksBuildPhase;
			buildActionMask = 2147483647;
			files = (
				82321C42E4ECE5BE96CCF423 /* Pods_InjectionExample.framework in Frameworks */,
			);
			runOnlyForDeploymentPostprocessing = 0;
		};
		2196EF74211B410000629223 /* Frameworks */ = {
			isa = PBXFrameworksBuildPhase;
			buildActionMask = 2147483647;
			files = (
				C176256C9B3BE17C5ACB4446 /* Pods_InjectionExampleTests.framework in Frameworks */,
			);
			runOnlyForDeploymentPostprocessing = 0;
		};
		2196EF7F211B410000629223 /* Frameworks */ = {
			isa = PBXFrameworksBuildPhase;
			buildActionMask = 2147483647;
			files = (
				14457B4F792FCB28D1EA1C1E /* Pods_InjectionExampleUITests.framework in Frameworks */,
			);
			runOnlyForDeploymentPostprocessing = 0;
		};
/* End PBXFrameworksBuildPhase section */

/* Begin PBXGroup section */
		2196EF5A211B410000629223 = {
			isa = PBXGroup;
			children = (
				2196EF65211B410000629223 /* InjectionExample */,
				2196EF7A211B410000629223 /* InjectionExampleTests */,
				2196EF85211B410000629223 /* InjectionExampleUITests */,
				2196EF64211B410000629223 /* Products */,
				367FDEC54CBE6277F1DBF5E9 /* Pods */,
				E40CD041F1FE1890AC17158B /* Frameworks */,
			);
			sourceTree = "<group>";
		};
		2196EF64211B410000629223 /* Products */ = {
			isa = PBXGroup;
			children = (
				2196EF63211B410000629223 /* InjectionExample.app */,
				2196EF77211B410000629223 /* InjectionExampleTests.xctest */,
				2196EF82211B410000629223 /* InjectionExampleUITests.xctest */,
			);
			name = Products;
			sourceTree = "<group>";
		};
		2196EF65211B410000629223 /* InjectionExample */ = {
			isa = PBXGroup;
			children = (
				2196EF66211B410000629223 /* AppDelegate.swift */,
				2196EF94211B425300629223 /* Injection+Extension.swift */,
				21082506211BD5380078A215 /* 2.jpg */,
				21082505211BD5380078A215 /* MYVC.swift */,
				21082507211BD5380078A215 /* MYView.swift */,
				2196EF6D211B410000629223 /* Assets.xcassets */,
				2196EF6F211B410000629223 /* LaunchScreen.storyboard */,
				2196EF72211B410000629223 /* Info.plist */,
				2108250B211BD84A0078A215 /* main.m */,
				21082511211BE51F0078A215 /* InjectionExample-Bridging-Header.h */,
			);
			path = InjectionExample;
			sourceTree = "<group>";
		};
		2196EF7A211B410000629223 /* InjectionExampleTests */ = {
			isa = PBXGroup;
			children = (
				2196EF7B211B410000629223 /* InjectionExampleTests.swift */,
				2196EF7D211B410000629223 /* Info.plist */,
			);
			path = InjectionExampleTests;
			sourceTree = "<group>";
		};
		2196EF85211B410000629223 /* InjectionExampleUITests */ = {
			isa = PBXGroup;
			children = (
				2196EF86211B410000629223 /* InjectionExampleUITests.swift */,
				2196EF88211B410000629223 /* Info.plist */,
			);
			path = InjectionExampleUITests;
			sourceTree = "<group>";
		};
		367FDEC54CBE6277F1DBF5E9 /* Pods */ = {
			isa = PBXGroup;
			children = (
				D086C8DFAC706DEF6100CB0A /* Pods-InjectionExample.debug.xcconfig */,
				A4455C094D6B26C5D3CCC4F2 /* Pods-InjectionExample.release.xcconfig */,
				C397E6AE58468B4D63EBAB05 /* Pods-InjectionExampleTests.debug.xcconfig */,
				1BFF003EB2EB4B8BBCAFC1F7 /* Pods-InjectionExampleTests.release.xcconfig */,
				2B6A4477E0A18A97F611D841 /* Pods-InjectionExampleUITests.debug.xcconfig */,
				0C78DB09D1FE6D07AAB81F79 /* Pods-InjectionExampleUITests.release.xcconfig */,
			);
			name = Pods;
			sourceTree = "<group>";
		};
		E40CD041F1FE1890AC17158B /* Frameworks */ = {
			isa = PBXGroup;
			children = (
				5A3256F3D1094D9237CF5640 /* Pods_InjectionExample.framework */,
				70548B60FDEAC49D01DCE6E8 /* Pods_InjectionExampleTests.framework */,
				FFAEA2DBD11A20487D115BC5 /* Pods_InjectionExampleUITests.framework */,
			);
			name = Frameworks;
			sourceTree = "<group>";
		};
/* End PBXGroup section */

/* Begin PBXNativeTarget section */
		2196EF62211B410000629223 /* InjectionExample */ = {
			isa = PBXNativeTarget;
			buildConfigurationList = 2196EF8B211B410000629223 /* Build configuration list for PBXNativeTarget "InjectionExample" */;
			buildPhases = (
				EE0A06988F7A09194BC95AE7 /* [CP] Check Pods Manifest.lock */,
				2196EF5F211B410000629223 /* Sources */,
				2196EF60211B410000629223 /* Frameworks */,
				2196EF61211B410000629223 /* Resources */,
				64B1D71C03DFBD5ABC881A8C /* [CP] Embed Pods Frameworks */,
			);
			buildRules = (
			);
			dependencies = (
			);
			name = InjectionExample;
			productName = InjectionExample;
			productReference = 2196EF63211B410000629223 /* InjectionExample.app */;
			productType = "com.apple.product-type.application";
		};
		2196EF76211B410000629223 /* InjectionExampleTests */ = {
			isa = PBXNativeTarget;
			buildConfigurationList = 2196EF8E211B410000629223 /* Build configuration list for PBXNativeTarget "InjectionExampleTests" */;
			buildPhases = (
				07B20DBBA3B9EDAB98B2AD30 /* [CP] Check Pods Manifest.lock */,
				2196EF73211B410000629223 /* Sources */,
				2196EF74211B410000629223 /* Frameworks */,
				2196EF75211B410000629223 /* Resources */,
			);
			buildRules = (
			);
			dependencies = (
				2196EF79211B410000629223 /* PBXTargetDependency */,
			);
			name = InjectionExampleTests;
			productName = InjectionExampleTests;
			productReference = 2196EF77211B410000629223 /* InjectionExampleTests.xctest */;
			productType = "com.apple.product-type.bundle.unit-test";
		};
		2196EF81211B410000629223 /* InjectionExampleUITests */ = {
			isa = PBXNativeTarget;
			buildConfigurationList = 2196EF91211B410000629223 /* Build configuration list for PBXNativeTarget "InjectionExampleUITests" */;
			buildPhases = (
				8A8B882656D983FDF5BEA2BA /* [CP] Check Pods Manifest.lock */,
				2196EF7E211B410000629223 /* Sources */,
				2196EF7F211B410000629223 /* Frameworks */,
				2196EF80211B410000629223 /* Resources */,
			);
			buildRules = (
			);
			dependencies = (
				2196EF84211B410000629223 /* PBXTargetDependency */,
			);
			name = InjectionExampleUITests;
			productName = InjectionExampleUITests;
			productReference = 2196EF82211B410000629223 /* InjectionExampleUITests.xctest */;
			productType = "com.apple.product-type.bundle.ui-testing";
		};
/* End PBXNativeTarget section */

/* Begin PBXProject section */
		2196EF5B211B410000629223 /* Project object */ = {
			isa = PBXProject;
			attributes = {
				LastSwiftUpdateCheck = 0920;
				LastUpgradeCheck = 0920;
				ORGANIZATIONNAME = "范摇";
				TargetAttributes = {
					2196EF62211B410000629223 = {
						CreatedOnToolsVersion = 9.2;
						LastSwiftMigration = 0940;
						ProvisioningStyle = Automatic;
					};
					2196EF76211B410000629223 = {
						CreatedOnToolsVersion = 9.2;
						ProvisioningStyle = Automatic;
						TestTargetID = 2196EF62211B410000629223;
					};
					2196EF81211B410000629223 = {
						CreatedOnToolsVersion = 9.2;
						ProvisioningStyle = Automatic;
						TestTargetID = 2196EF62211B410000629223;
					};
				};
			};
			buildConfigurationList = 2196EF5E211B410000629223 /* Build configuration list for PBXProject "InjectionExample" */;
			compatibilityVersion = "Xcode 8.0";
			developmentRegion = en;
			hasScannedForEncodings = 0;
			knownRegions = (
				en,
				Base,
			);
			mainGroup = 2196EF5A211B410000629223;
			productRefGroup = 2196EF64211B410000629223 /* Products */;
			projectDirPath = "";
			projectRoot = "";
			targets = (
				2196EF62211B410000629223 /* InjectionExample */,
				2196EF76211B410000629223 /* InjectionExampleTests */,
				2196EF81211B410000629223 /* InjectionExampleUITests */,
			);
		};
/* End PBXProject section */

/* Begin PBXResourcesBuildPhase section */
		2196EF61211B410000629223 /* Resources */ = {
			isa = PBXResourcesBuildPhase;
			buildActionMask = 2147483647;
			files = (
				21082509211BD5390078A215 /* 2.jpg in Resources */,
				2196EF71211B410000629223 /* LaunchScreen.storyboard in Resources */,
				2196EF6E211B410000629223 /* Assets.xcassets in Resources */,
			);
			runOnlyForDeploymentPostprocessing = 0;
		};
		2196EF75211B410000629223 /* Resources */ = {
			isa = PBXResourcesBuildPhase;
			buildActionMask = 2147483647;
			files = (
			);
			runOnlyForDeploymentPostprocessing = 0;
		};
		2196EF80211B410000629223 /* Resources */ = {
			isa = PBXResourcesBuildPhase;
			buildActionMask = 2147483647;
			files = (
			);
			runOnlyForDeploymentPostprocessing = 0;
		};
/* End PBXResourcesBuildPhase section */

/* Begin PBXShellScriptBuildPhase section */
		07B20DBBA3B9EDAB98B2AD30 /* [CP] Check Pods Manifest.lock */ = {
			isa = PBXShellScriptBuildPhase;
			buildActionMask = 2147483647;
			files = (
			);
			inputPaths = (
				"${PODS_PODFILE_DIR_PATH}/Podfile.lock",
				"${PODS_ROOT}/Manifest.lock",
			);
			name = "[CP] Check Pods Manifest.lock";
			outputPaths = (
				"$(DERIVED_FILE_DIR)/Pods-InjectionExampleTests-checkManifestLockResult.txt",
			);
			runOnlyForDeploymentPostprocessing = 0;
			shellPath = /bin/sh;
			shellScript = "diff \"${PODS_PODFILE_DIR_PATH}/Podfile.lock\" \"${PODS_ROOT}/Manifest.lock\" > /dev/null\nif [ $? != 0 ] ; then\n    # print error to STDERR\n    echo \"error: The sandbox is not in sync with the Podfile.lock. Run 'pod install' or update your CocoaPods installation.\" >&2\n    exit 1\nfi\n# This output is used by Xcode 'outputs' to avoid re-running this script phase.\necho \"SUCCESS\" > \"${SCRIPT_OUTPUT_FILE_0}\"\n";
			showEnvVarsInLog = 0;
		};
		64B1D71C03DFBD5ABC881A8C /* [CP] Embed Pods Frameworks */ = {
			isa = PBXShellScriptBuildPhase;
			buildActionMask = 2147483647;
			files = (
			);
			inputPaths = (
				"${SRCROOT}/Pods/Target Support Files/Pods-InjectionExample/Pods-InjectionExample-frameworks.sh",
				"${BUILT_PRODUCTS_DIR}/SnapKit/SnapKit.framework",
			);
			name = "[CP] Embed Pods Frameworks";
			outputPaths = (
				"${TARGET_BUILD_DIR}/${FRAMEWORKS_FOLDER_PATH}/SnapKit.framework",
			);
			runOnlyForDeploymentPostprocessing = 0;
			shellPath = /bin/sh;
			shellScript = "\"${SRCROOT}/Pods/Target Support Files/Pods-InjectionExample/Pods-InjectionExample-frameworks.sh\"\n";
			showEnvVarsInLog = 0;
		};
		8A8B882656D983FDF5BEA2BA /* [CP] Check Pods Manifest.lock */ = {
			isa = PBXShellScriptBuildPhase;
			buildActionMask = 2147483647;
			files = (
			);
			inputPaths = (
				"${PODS_PODFILE_DIR_PATH}/Podfile.lock",
				"${PODS_ROOT}/Manifest.lock",
			);
			name = "[CP] Check Pods Manifest.lock";
			outputPaths = (
				"$(DERIVED_FILE_DIR)/Pods-InjectionExampleUITests-checkManifestLockResult.txt",
			);
			runOnlyForDeploymentPostprocessing = 0;
			shellPath = /bin/sh;
			shellScript = "diff \"${PODS_PODFILE_DIR_PATH}/Podfile.lock\" \"${PODS_ROOT}/Manifest.lock\" > /dev/null\nif [ $? != 0 ] ; then\n    # print error to STDERR\n    echo \"error: The sandbox is not in sync with the Podfile.lock. Run 'pod install' or update your CocoaPods installation.\" >&2\n    exit 1\nfi\n# This output is used by Xcode 'outputs' to avoid re-running this script phase.\necho \"SUCCESS\" > \"${SCRIPT_OUTPUT_FILE_0}\"\n";
			showEnvVarsInLog = 0;
		};
		EE0A06988F7A09194BC95AE7 /* [CP] Check Pods Manifest.lock */ = {
			isa = PBXShellScriptBuildPhase;
			buildActionMask = 2147483647;
			files = (
			);
			inputPaths = (
				"${PODS_PODFILE_DIR_PATH}/Podfile.lock",
				"${PODS_ROOT}/Manifest.lock",
			);
			name = "[CP] Check Pods Manifest.lock";
			outputPaths = (
				"$(DERIVED_FILE_DIR)/Pods-InjectionExample-checkManifestLockResult.txt",
			);
			runOnlyForDeploymentPostprocessing = 0;
			shellPath = /bin/sh;
			shellScript = "diff \"${PODS_PODFILE_DIR_PATH}/Podfile.lock\" \"${PODS_ROOT}/Manifest.lock\" > /dev/null\nif [ $? != 0 ] ; then\n    # print error to STDERR\n    echo \"error: The sandbox is not in sync with the Podfile.lock. Run 'pod install' or update your CocoaPods installation.\" >&2\n    exit 1\nfi\n# This output is used by Xcode 'outputs' to avoid re-running this script phase.\necho \"SUCCESS\" > \"${SCRIPT_OUTPUT_FILE_0}\"\n";
			showEnvVarsInLog = 0;
		};
/* End PBXShellScriptBuildPhase section */

/* Begin PBXSourcesBuildPhase section */
		2196EF5F211B410000629223 /* Sources */ = {
			isa = PBXSourcesBuildPhase;
			buildActionMask = 2147483647;
			files = (
				2108250C211BD84A0078A215 /* main.m in Sources */,
				21082508211BD5390078A215 /* MYVC.swift in Sources */,
				2196EF95211B425300629223 /* Injection+Extension.swift in Sources */,
				2108250A211BD5390078A215 /* MYView.swift in Sources */,
				2196EF67211B410000629223 /* AppDelegate.swift in Sources */,
			);
			runOnlyForDeploymentPostprocessing = 0;
		};
		2196EF73211B410000629223 /* Sources */ = {
			isa = PBXSourcesBuildPhase;
			buildActionMask = 2147483647;
			files = (
				2196EF7C211B410000629223 /* InjectionExampleTests.swift in Sources */,
			);
			runOnlyForDeploymentPostprocessing = 0;
		};
		2196EF7E211B410000629223 /* Sources */ = {
			isa = PBXSourcesBuildPhase;
			buildActionMask = 2147483647;
			files = (
				2196EF87211B410000629223 /* InjectionExampleUITests.swift in Sources */,
			);
			runOnlyForDeploymentPostprocessing = 0;
		};
/* End PBXSourcesBuildPhase section */

/* Begin PBXTargetDependency section */
		2196EF79211B410000629223 /* PBXTargetDependency */ = {
			isa = PBXTargetDependency;
			target = 2196EF62211B410000629223 /* InjectionExample */;
			targetProxy = 2196EF78211B410000629223 /* PBXContainerItemProxy */;
		};
		2196EF84211B410000629223 /* PBXTargetDependency */ = {
			isa = PBXTargetDependency;
			target = 2196EF62211B410000629223 /* InjectionExample */;
			targetProxy = 2196EF83211B410000629223 /* PBXContainerItemProxy */;
		};
/* End PBXTargetDependency section */

/* Begin PBXVariantGroup section */
		2196EF6F211B410000629223 /* LaunchScreen.storyboard */ = {
			isa = PBXVariantGroup;
			children = (
				2196EF70211B410000629223 /* Base */,
			);
			name = LaunchScreen.storyboard;
			sourceTree = "<group>";
		};
/* End PBXVariantGroup section */

/* Begin XCBuildConfiguration section */
		2196EF89211B410000629223 /* Debug */ = {
			isa = XCBuildConfiguration;
			buildSettings = {
				ALWAYS_SEARCH_USER_PATHS = NO;
				CLANG_ANALYZER_NONNULL = YES;
				CLANG_ANALYZER_NUMBER_OBJECT_CONVERSION = YES_AGGRESSIVE;
				CLANG_CXX_LANGUAGE_STANDARD = "gnu++14";
				CLANG_CXX_LIBRARY = "libc++";
				CLANG_ENABLE_MODULES = YES;
				CLANG_ENABLE_OBJC_ARC = YES;
				CLANG_WARN_BLOCK_CAPTURE_AUTORELEASING = YES;
				CLANG_WARN_BOOL_CONVERSION = YES;
				CLANG_WARN_COMMA = YES;
				CLANG_WARN_CONSTANT_CONVERSION = YES;
				CLANG_WARN_DIRECT_OBJC_ISA_USAGE = YES_ERROR;
				CLANG_WARN_DOCUMENTATION_COMMENTS = YES;
				CLANG_WARN_EMPTY_BODY = YES;
				CLANG_WARN_ENUM_CONVERSION = YES;
				CLANG_WARN_INFINITE_RECURSION = YES;
				CLANG_WARN_INT_CONVERSION = YES;
				CLANG_WARN_NON_LITERAL_NULL_CONVERSION = YES;
				CLANG_WARN_OBJC_LITERAL_CONVERSION = YES;
				CLANG_WARN_OBJC_ROOT_CLASS = YES_ERROR;
				CLANG_WARN_RANGE_LOOP_ANALYSIS = YES;
				CLANG_WARN_STRICT_PROTOTYPES = YES;
				CLANG_WARN_SUSPICIOUS_MOVE = YES;
				CLANG_WARN_UNGUARDED_AVAILABILITY = YES_AGGRESSIVE;
				CLANG_WARN_UNREACHABLE_CODE = YES;
				CLANG_WARN__DUPLICATE_METHOD_MATCH = YES;
				CODE_SIGN_IDENTITY = "iPhone Developer";
				COPY_PHASE_STRIP = NO;
				DEBUG_INFORMATION_FORMAT = dwarf;
				ENABLE_STRICT_OBJC_MSGSEND = YES;
				ENABLE_TESTABILITY = YES;
				GCC_C_LANGUAGE_STANDARD = gnu11;
				GCC_DYNAMIC_NO_PIC = NO;
				GCC_NO_COMMON_BLOCKS = YES;
				GCC_OPTIMIZATION_LEVEL = 0;
				GCC_PREPROCESSOR_DEFINITIONS = (
					"DEBUG=1",
					"$(inherited)",
				);
				GCC_WARN_64_TO_32_BIT_CONVERSION = YES;
				GCC_WARN_ABOUT_RETURN_TYPE = YES_ERROR;
				GCC_WARN_UNDECLARED_SELECTOR = YES;
				GCC_WARN_UNINITIALIZED_AUTOS = YES_AGGRESSIVE;
				GCC_WARN_UNUSED_FUNCTION = YES;
				GCC_WARN_UNUSED_VARIABLE = YES;
				IPHONEOS_DEPLOYMENT_TARGET = 11.2;
				MTL_ENABLE_DEBUG_INFO = YES;
				ONLY_ACTIVE_ARCH = YES;
				SDKROOT = iphoneos;
				SWIFT_ACTIVE_COMPILATION_CONDITIONS = DEBUG;
				SWIFT_OPTIMIZATION_LEVEL = "-Onone";
			};
			name = Debug;
		};
		2196EF8A211B410000629223 /* Release */ = {
			isa = XCBuildConfiguration;
			buildSettings = {
				ALWAYS_SEARCH_USER_PATHS = NO;
				CLANG_ANALYZER_NONNULL = YES;
				CLANG_ANALYZER_NUMBER_OBJECT_CONVERSION = YES_AGGRESSIVE;
				CLANG_CXX_LANGUAGE_STANDARD = "gnu++14";
				CLANG_CXX_LIBRARY = "libc++";
				CLANG_ENABLE_MODULES = YES;
				CLANG_ENABLE_OBJC_ARC = YES;
				CLANG_WARN_BLOCK_CAPTURE_AUTORELEASING = YES;
				CLANG_WARN_BOOL_CONVERSION = YES;
				CLANG_WARN_COMMA = YES;
				CLANG_WARN_CONSTANT_CONVERSION = YES;
				CLANG_WARN_DIRECT_OBJC_ISA_USAGE = YES_ERROR;
				CLANG_WARN_DOCUMENTATION_COMMENTS = YES;
				CLANG_WARN_EMPTY_BODY = YES;
				CLANG_WARN_ENUM_CONVERSION = YES;
				CLANG_WARN_INFINITE_RECURSION = YES;
				CLANG_WARN_INT_CONVERSION = YES;
				CLANG_WARN_NON_LITERAL_NULL_CONVERSION = YES;
				CLANG_WARN_OBJC_LITERAL_CONVERSION = YES;
				CLANG_WARN_OBJC_ROOT_CLASS = YES_ERROR;
				CLANG_WARN_RANGE_LOOP_ANALYSIS = YES;
				CLANG_WARN_STRICT_PROTOTYPES = YES;
				CLANG_WARN_SUSPICIOUS_MOVE = YES;
				CLANG_WARN_UNGUARDED_AVAILABILITY = YES_AGGRESSIVE;
				CLANG_WARN_UNREACHABLE_CODE = YES;
				CLANG_WARN__DUPLICATE_METHOD_MATCH = YES;
				CODE_SIGN_IDENTITY = "iPhone Developer";
				COPY_PHASE_STRIP = NO;
				DEBUG_INFORMATION_FORMAT = "dwarf-with-dsym";
				ENABLE_NS_ASSERTIONS = NO;
				ENABLE_STRICT_OBJC_MSGSEND = YES;
				GCC_C_LANGUAGE_STANDARD = gnu11;
				GCC_NO_COMMON_BLOCKS = YES;
				GCC_WARN_64_TO_32_BIT_CONVERSION = YES;
				GCC_WARN_ABOUT_RETURN_TYPE = YES_ERROR;
				GCC_WARN_UNDECLARED_SELECTOR = YES;
				GCC_WARN_UNINITIALIZED_AUTOS = YES_AGGRESSIVE;
				GCC_WARN_UNUSED_FUNCTION = YES;
				GCC_WARN_UNUSED_VARIABLE = YES;
				IPHONEOS_DEPLOYMENT_TARGET = 11.2;
				MTL_ENABLE_DEBUG_INFO = NO;
				SDKROOT = iphoneos;
				SWIFT_OPTIMIZATION_LEVEL = "-Owholemodule";
				VALIDATE_PRODUCT = YES;
			};
			name = Release;
		};
		2196EF8C211B410000629223 /* Debug */ = {
			isa = XCBuildConfiguration;
			baseConfigurationReference = D086C8DFAC706DEF6100CB0A /* Pods-InjectionExample.debug.xcconfig */;
			buildSettings = {
				ASSETCATALOG_COMPILER_APPICON_NAME = AppIcon;
				CLANG_ENABLE_MODULES = YES;
				CODE_SIGN_STYLE = Automatic;
				DEVELOPMENT_TEAM = F72542MRLK;
				INFOPLIST_FILE = InjectionExample/Info.plist;
				IPHONEOS_DEPLOYMENT_TARGET = 9.0;
				LD_RUNPATH_SEARCH_PATHS = "$(inherited) @executable_path/Frameworks";
				PRODUCT_BUNDLE_IDENTIFIER = com.xiaoyao.InjectionExample;
				PRODUCT_NAME = "$(TARGET_NAME)";
				SWIFT_OBJC_BRIDGING_HEADER = "InjectionExample/InjectionExample-Bridging-Header.h";
				SWIFT_OPTIMIZATION_LEVEL = "-Onone";
				SWIFT_VERSION = 4.0;
				TARGETED_DEVICE_FAMILY = "1,2";
			};
			name = Debug;
		};
		2196EF8D211B410000629223 /* Release */ = {
			isa = XCBuildConfiguration;
			baseConfigurationReference = A4455C094D6B26C5D3CCC4F2 /* Pods-InjectionExample.release.xcconfig */;
			buildSettings = {
				ASSETCATALOG_COMPILER_APPICON_NAME = AppIcon;
				CLANG_ENABLE_MODULES = YES;
				CODE_SIGN_STYLE = Automatic;
				DEVELOPMENT_TEAM = F72542MRLK;
				INFOPLIST_FILE = InjectionExample/Info.plist;
				IPHONEOS_DEPLOYMENT_TARGET = 9.0;
				LD_RUNPATH_SEARCH_PATHS = "$(inherited) @executable_path/Frameworks";
				PRODUCT_BUNDLE_IDENTIFIER = com.xiaoyao.InjectionExample;
				PRODUCT_NAME = "$(TARGET_NAME)";
				SWIFT_OBJC_BRIDGING_HEADER = "InjectionExample/InjectionExample-Bridging-Header.h";
				SWIFT_VERSION = 4.0;
				TARGETED_DEVICE_FAMILY = "1,2";
			};
			name = Release;
		};
		2196EF8F211B410000629223 /* Debug */ = {
			isa = XCBuildConfiguration;
			baseConfigurationReference = C397E6AE58468B4D63EBAB05 /* Pods-InjectionExampleTests.debug.xcconfig */;
			buildSettings = {
				ALWAYS_EMBED_SWIFT_STANDARD_LIBRARIES = YES;
				BUNDLE_LOADER = "$(TEST_HOST)";
				CODE_SIGN_STYLE = Automatic;
				INFOPLIST_FILE = InjectionExampleTests/Info.plist;
				LD_RUNPATH_SEARCH_PATHS = "$(inherited) @executable_path/Frameworks @loader_path/Frameworks";
				PRODUCT_BUNDLE_IDENTIFIER = com.xiaoyao.InjectionExampleTests;
				PRODUCT_NAME = "$(TARGET_NAME)";
				SWIFT_VERSION = 4.0;
				TARGETED_DEVICE_FAMILY = "1,2";
				TEST_HOST = "$(BUILT_PRODUCTS_DIR)/InjectionExample.app/InjectionExample";
			};
			name = Debug;
		};
		2196EF90211B410000629223 /* Release */ = {
			isa = XCBuildConfiguration;
			baseConfigurationReference = 1BFF003EB2EB4B8BBCAFC1F7 /* Pods-InjectionExampleTests.release.xcconfig */;
			buildSettings = {
				ALWAYS_EMBED_SWIFT_STANDARD_LIBRARIES = YES;
				BUNDLE_LOADER = "$(TEST_HOST)";
				CODE_SIGN_STYLE = Automatic;
				INFOPLIST_FILE = InjectionExampleTests/Info.plist;
				LD_RUNPATH_SEARCH_PATHS = "$(inherited) @executable_path/Frameworks @loader_path/Frameworks";
				PRODUCT_BUNDLE_IDENTIFIER = com.xiaoyao.InjectionExampleTests;
				PRODUCT_NAME = "$(TARGET_NAME)";
				SWIFT_VERSION = 4.0;
				TARGETED_DEVICE_FAMILY = "1,2";
				TEST_HOST = "$(BUILT_PRODUCTS_DIR)/InjectionExample.app/InjectionExample";
			};
			name = Release;
		};
		2196EF92211B410000629223 /* Debug */ = {
			isa = XCBuildConfiguration;
			baseConfigurationReference = 2B6A4477E0A18A97F611D841 /* Pods-InjectionExampleUITests.debug.xcconfig */;
			buildSettings = {
				ALWAYS_EMBED_SWIFT_STANDARD_LIBRARIES = YES;
				CODE_SIGN_STYLE = Automatic;
				INFOPLIST_FILE = InjectionExampleUITests/Info.plist;
				LD_RUNPATH_SEARCH_PATHS = "$(inherited) @executable_path/Frameworks @loader_path/Frameworks";
				PRODUCT_BUNDLE_IDENTIFIER = com.xiaoyao.InjectionExampleUITests;
				PRODUCT_NAME = "$(TARGET_NAME)";
				SWIFT_VERSION = 4.0;
				TARGETED_DEVICE_FAMILY = "1,2";
				TEST_TARGET_NAME = InjectionExample;
			};
			name = Debug;
		};
		2196EF93211B410000629223 /* Release */ = {
			isa = XCBuildConfiguration;
			baseConfigurationReference = 0C78DB09D1FE6D07AAB81F79 /* Pods-InjectionExampleUITests.release.xcconfig */;
			buildSettings = {
				ALWAYS_EMBED_SWIFT_STANDARD_LIBRARIES = YES;
				CODE_SIGN_STYLE = Automatic;
				INFOPLIST_FILE = InjectionExampleUITests/Info.plist;
				LD_RUNPATH_SEARCH_PATHS = "$(inherited) @executable_path/Frameworks @loader_path/Frameworks";
				PRODUCT_BUNDLE_IDENTIFIER = com.xiaoyao.InjectionExampleUITests;
				PRODUCT_NAME = "$(TARGET_NAME)";
				SWIFT_VERSION = 4.0;
				TARGETED_DEVICE_FAMILY = "1,2";
				TEST_TARGET_NAME = InjectionExample;
			};
			name = Release;
		};
/* End XCBuildConfiguration section */

/* Begin XCConfigurationList section */
		2196EF5E211B410000629223 /* Build configuration list for PBXProject "InjectionExample" */ = {
			isa = XCConfigurationList;
			buildConfigurations = (
				2196EF89211B410000629223 /* Debug */,
				2196EF8A211B410000629223 /* Release */,
			);
			defaultConfigurationIsVisible = 0;
			defaultConfigurationName = Release;
		};
		2196EF8B211B410000629223 /* Build configuration list for PBXNativeTarget "InjectionExample" */ = {
			isa = XCConfigurationList;
			buildConfigurations = (
				2196EF8C211B410000629223 /* Debug */,
				2196EF8D211B410000629223 /* Release */,
			);
			defaultConfigurationIsVisible = 0;
			defaultConfigurationName = Release;
		};
		2196EF8E211B410000629223 /* Build configuration list for PBXNativeTarget "InjectionExampleTests" */ = {
			isa = XCConfigurationList;
			buildConfigurations = (
				2196EF8F211B410000629223 /* Debug */,
				2196EF90211B410000629223 /* Release */,
			);
			defaultConfigurationIsVisible = 0;
			defaultConfigurationName = Release;
		};
		2196EF91211B410000629223 /* Build configuration list for PBXNativeTarget "InjectionExampleUITests" */ = {
			isa = XCConfigurationList;
			buildConfigurations = (
				2196EF92211B410000629223 /* Debug */,
				2196EF93211B410000629223 /* Release */,
			);
			defaultConfigurationIsVisible = 0;
			defaultConfigurationName = Release;
		};
/* End XCConfigurationList section */
	};
	rootObject = 2196EF5B211B410000629223 /* Project object */;
}
